
Microsoft Visual Studio Solution File, Format Version 12.00
# Visual Studio Version 16
VisualStudioVersion = 16.0.30320.27
MinimumVisualStudioVersion = 10.0.40219.1
Project("{FAE04EC0-301F-11D3-BF4B-00C04F79EFBC}") = "ClubParty", "..\ClubParty\ClubParty.csproj", "{3D08D14C-29B3-4262-819D-422DC51F4D06}"
EndProject
Project("{FAE04EC0-301F-11D3-BF4B-00C04F79EFBC}") = "TronRacers", "..\TronRacers\TronRacers.csproj", "{137C525E-C020-4A1D-928F-379B42CBFE06}"
EndProject
Project("{9A19103F-16F7-4668-BE54-9A1E7A4F7556}") = "Heroes", "Heroes\Heroes.csproj", "{C55244F1-E1C6-4A33-A5C6-239858741B80}"
EndProject
Global
	GlobalSection(SolutionConfigurationPlatforms) = preSolution
		Debug|Any CPU = Debug|Any CPU
		Release|Any CPU = Release|Any CPU
	EndGlobalSection
	GlobalSection(ProjectConfigurationPlatforms) = postSolution
		{3D08D14C-29B3-4262-819D-422DC51F4D06}.Debug|Any CPU.ActiveCfg = Debug|Any CPU
		{3D08D14C-29B3-4262-819D-422DC51F4D06}.Debug|Any CPU.Build.0 = Debug|Any CPU
		{3D08D14C-29B3-4262-819D-422DC51F4D06}.Release|Any CPU.ActiveCfg = Release|Any CPU
		{3D08D14C-29B3-4262-819D-422DC51F4D06}.Release|Any CPU.Build.0 = Release|Any CPU
		{137C525E-C020-4A1D-928F-379B42CBFE06}.Debug|Any CPU.ActiveCfg = Debug|Any CPU
		{137C525E-C020-4A1D-928F-379B42CBFE06}.Debug|Any CPU.Build.0 = Debug|Any CPU
		{137C525E-C020-4A1D-928F-379B42CBFE06}.Release|Any CPU.ActiveCfg = Release|Any CPU
		{137C525E-C020-4A1D-928F-379B42CBFE06}.Release|Any CPU.Build.0 = Release|Any CPU
		{C55244F1-E1C6-4A33-A5C6-239858741B80}.Debug|Any CPU.ActiveCfg = Debug|Any CPU
		{C55244F1-E1C6-4A33-A5C6-239858741B80}.Debug|Any CPU.Build.0 = Debug|Any CPU
		{C55244F1-E1C6-4A33-A5C6-239858741B80}.Release|Any CPU.ActiveCfg = Release|Any CPU
		{C55244F1-E1C6-4A33-A5C6-239858741B80}.Release|Any CPU.Build.0 = Release|Any CPU
	EndGlobalSection
	GlobalSection(SolutionProperties) = preSolution
		HideSolutionNode = FALSE
	EndGlobalSection
	GlobalSection(ExtensibilityGlobals) = postSolution
		SolutionGuid = {4A7688B2-2837-41A6-93FA-BDF35DF95CB5}
	EndGlobalSection
EndGlobal
