
Microsoft Visual Studio Solution File, Format Version 12.00
# Visual Studio Version 16
VisualStudioVersion = 16.0.30011.22
MinimumVisualStudioVersion = 10.0.40219.1
Project("{FAE04EC0-301F-11D3-BF4B-00C04F79EFBC}") = "01DatingApp", "01DatingApp\01DatingApp.csproj", "{646ED84B-11DA-4D92-94C3-518D01260936}"
EndProject
Project("{FAE04EC0-301F-11D3-BF4B-00C04F79EFBC}") = "02BookWorm", "02BookWorm\02BookWorm.csproj", "{8FE67FA1-6B2E-4DD5-A5F5-6C51D3834BED}"
EndProject
Project("{9A19103F-16F7-4668-BE54-9A1E7A4F7556}") = "03Rabbits", "03Rabbits\03Rabbits.csproj", "{5F7E3805-125D-412B-BC0D-F06747DFB0E6}"
EndProject
Global
	GlobalSection(SolutionConfigurationPlatforms) = preSolution
		Debug|Any CPU = Debug|Any CPU
		Release|Any CPU = Release|Any CPU
	EndGlobalSection
	GlobalSection(ProjectConfigurationPlatforms) = postSolution
		{646ED84B-11DA-4D92-94C3-518D01260936}.Debug|Any CPU.ActiveCfg = Debug|Any CPU
		{646ED84B-11DA-4D92-94C3-518D01260936}.Debug|Any CPU.Build.0 = Debug|Any CPU
		{646ED84B-11DA-4D92-94C3-518D01260936}.Release|Any CPU.ActiveCfg = Release|Any CPU
		{646ED84B-11DA-4D92-94C3-518D01260936}.Release|Any CPU.Build.0 = Release|Any CPU
		{8FE67FA1-6B2E-4DD5-A5F5-6C51D3834BED}.Debug|Any CPU.ActiveCfg = Debug|Any CPU
		{8FE67FA1-6B2E-4DD5-A5F5-6C51D3834BED}.Debug|Any CPU.Build.0 = Debug|Any CPU
		{8FE67FA1-6B2E-4DD5-A5F5-6C51D3834BED}.Release|Any CPU.ActiveCfg = Release|Any CPU
		{8FE67FA1-6B2E-4DD5-A5F5-6C51D3834BED}.Release|Any CPU.Build.0 = Release|Any CPU
		{5F7E3805-125D-412B-BC0D-F06747DFB0E6}.Debug|Any CPU.ActiveCfg = Debug|Any CPU
		{5F7E3805-125D-412B-BC0D-F06747DFB0E6}.Debug|Any CPU.Build.0 = Debug|Any CPU
		{5F7E3805-125D-412B-BC0D-F06747DFB0E6}.Release|Any CPU.ActiveCfg = Release|Any CPU
		{5F7E3805-125D-412B-BC0D-F06747DFB0E6}.Release|Any CPU.Build.0 = Release|Any CPU
	EndGlobalSection
	GlobalSection(SolutionProperties) = preSolution
		HideSolutionNode = FALSE
	EndGlobalSection
	GlobalSection(ExtensibilityGlobals) = postSolution
		SolutionGuid = {F7293E2C-43E4-413E-B703-66A04B745E64}
	EndGlobalSection
EndGlobal
