
Microsoft Visual Studio Solution File, Format Version 12.00
# Visual Studio Version 16
VisualStudioVersion = 16.0.30011.22
MinimumVisualStudioVersion = 10.0.40219.1
Project("{FAE04EC0-301F-11D3-BF4B-00C04F79EFBC}") = "01.Even Lines", "01.Even Lines\01.Even Lines.csproj", "{ECE69373-8D2B-48A4-BFC9-765B21630764}"
EndProject
Project("{FAE04EC0-301F-11D3-BF4B-00C04F79EFBC}") = "02.Line Numbers", "02.Line Numbers\02.Line Numbers.csproj", "{EBEDA084-ECF4-4FDA-A349-885E6180F126}"
EndProject
Project("{FAE04EC0-301F-11D3-BF4B-00C04F79EFBC}") = "03.Word Count", "03.Word Count\03.Word Count.csproj", "{1691D6B8-2C15-4DDC-89D7-81697803E895}"
EndProject
Project("{FAE04EC0-301F-11D3-BF4B-00C04F79EFBC}") = "04.Copy Binary File", "04.Copy Binary File\04.Copy Binary File.csproj", "{8E85C128-C7DF-40C4-8DDA-4D5045EE50D4}"
EndProject
Project("{FAE04EC0-301F-11D3-BF4B-00C04F79EFBC}") = "05.Directory Traversal", "05.Directory Traversal\05.Directory Traversal.csproj", "{6192CBE8-4635-4D2D-8836-A854D269F99F}"
EndProject
Project("{FAE04EC0-301F-11D3-BF4B-00C04F79EFBC}") = "06.Zip and Extract", "06.Zip and Extract\06.Zip and Extract.csproj", "{9358735F-BBB8-4748-9203-4BB3C9E93A2E}"
EndProject
Global
	GlobalSection(SolutionConfigurationPlatforms) = preSolution
		Debug|Any CPU = Debug|Any CPU
		Release|Any CPU = Release|Any CPU
	EndGlobalSection
	GlobalSection(ProjectConfigurationPlatforms) = postSolution
		{ECE69373-8D2B-48A4-BFC9-765B21630764}.Debug|Any CPU.ActiveCfg = Debug|Any CPU
		{ECE69373-8D2B-48A4-BFC9-765B21630764}.Debug|Any CPU.Build.0 = Debug|Any CPU
		{ECE69373-8D2B-48A4-BFC9-765B21630764}.Release|Any CPU.ActiveCfg = Release|Any CPU
		{ECE69373-8D2B-48A4-BFC9-765B21630764}.Release|Any CPU.Build.0 = Release|Any CPU
		{EBEDA084-ECF4-4FDA-A349-885E6180F126}.Debug|Any CPU.ActiveCfg = Debug|Any CPU
		{EBEDA084-ECF4-4FDA-A349-885E6180F126}.Debug|Any CPU.Build.0 = Debug|Any CPU
		{EBEDA084-ECF4-4FDA-A349-885E6180F126}.Release|Any CPU.ActiveCfg = Release|Any CPU
		{EBEDA084-ECF4-4FDA-A349-885E6180F126}.Release|Any CPU.Build.0 = Release|Any CPU
		{1691D6B8-2C15-4DDC-89D7-81697803E895}.Debug|Any CPU.ActiveCfg = Debug|Any CPU
		{1691D6B8-2C15-4DDC-89D7-81697803E895}.Debug|Any CPU.Build.0 = Debug|Any CPU
		{1691D6B8-2C15-4DDC-89D7-81697803E895}.Release|Any CPU.ActiveCfg = Release|Any CPU
		{1691D6B8-2C15-4DDC-89D7-81697803E895}.Release|Any CPU.Build.0 = Release|Any CPU
		{8E85C128-C7DF-40C4-8DDA-4D5045EE50D4}.Debug|Any CPU.ActiveCfg = Debug|Any CPU
		{8E85C128-C7DF-40C4-8DDA-4D5045EE50D4}.Debug|Any CPU.Build.0 = Debug|Any CPU
		{8E85C128-C7DF-40C4-8DDA-4D5045EE50D4}.Release|Any CPU.ActiveCfg = Release|Any CPU
		{8E85C128-C7DF-40C4-8DDA-4D5045EE50D4}.Release|Any CPU.Build.0 = Release|Any CPU
		{6192CBE8-4635-4D2D-8836-A854D269F99F}.Debug|Any CPU.ActiveCfg = Debug|Any CPU
		{6192CBE8-4635-4D2D-8836-A854D269F99F}.Debug|Any CPU.Build.0 = Debug|Any CPU
		{6192CBE8-4635-4D2D-8836-A854D269F99F}.Release|Any CPU.ActiveCfg = Release|Any CPU
		{6192CBE8-4635-4D2D-8836-A854D269F99F}.Release|Any CPU.Build.0 = Release|Any CPU
		{9358735F-BBB8-4748-9203-4BB3C9E93A2E}.Debug|Any CPU.ActiveCfg = Debug|Any CPU
		{9358735F-BBB8-4748-9203-4BB3C9E93A2E}.Debug|Any CPU.Build.0 = Debug|Any CPU
		{9358735F-BBB8-4748-9203-4BB3C9E93A2E}.Release|Any CPU.ActiveCfg = Release|Any CPU
		{9358735F-BBB8-4748-9203-4BB3C9E93A2E}.Release|Any CPU.Build.0 = Release|Any CPU
	EndGlobalSection
	GlobalSection(SolutionProperties) = preSolution
		HideSolutionNode = FALSE
	EndGlobalSection
	GlobalSection(ExtensibilityGlobals) = postSolution
		SolutionGuid = {F09DAFF6-275F-43D4-A290-47EB37A0DBA8}
	EndGlobalSection
EndGlobal
