
Microsoft Visual Studio Solution File, Format Version 12.00
# Visual Studio Version 16
VisualStudioVersion = 16.0.30011.22
MinimumVisualStudioVersion = 10.0.40219.1
Project("{FAE04EC0-301F-11D3-BF4B-00C04F79EFBC}") = "GenericBoxofString", "Generic Box of String\GenericBoxofString.csproj", "{1615FEF3-9C0B-42F8-9665-F8C8D90342D2}"
EndProject
Project("{FAE04EC0-301F-11D3-BF4B-00C04F79EFBC}") = "Tuple", "Tuple\Tuple.csproj", "{119DE457-9843-4F85-AE7D-4C25A04ABB1D}"
EndProject
Global
	GlobalSection(SolutionConfigurationPlatforms) = preSolution
		Debug|Any CPU = Debug|Any CPU
		Release|Any CPU = Release|Any CPU
	EndGlobalSection
	GlobalSection(ProjectConfigurationPlatforms) = postSolution
		{1615FEF3-9C0B-42F8-9665-F8C8D90342D2}.Debug|Any CPU.ActiveCfg = Debug|Any CPU
		{1615FEF3-9C0B-42F8-9665-F8C8D90342D2}.Debug|Any CPU.Build.0 = Debug|Any CPU
		{1615FEF3-9C0B-42F8-9665-F8C8D90342D2}.Release|Any CPU.ActiveCfg = Release|Any CPU
		{1615FEF3-9C0B-42F8-9665-F8C8D90342D2}.Release|Any CPU.Build.0 = Release|Any CPU
		{119DE457-9843-4F85-AE7D-4C25A04ABB1D}.Debug|Any CPU.ActiveCfg = Debug|Any CPU
		{119DE457-9843-4F85-AE7D-4C25A04ABB1D}.Debug|Any CPU.Build.0 = Debug|Any CPU
		{119DE457-9843-4F85-AE7D-4C25A04ABB1D}.Release|Any CPU.ActiveCfg = Release|Any CPU
		{119DE457-9843-4F85-AE7D-4C25A04ABB1D}.Release|Any CPU.Build.0 = Release|Any CPU
	EndGlobalSection
	GlobalSection(SolutionProperties) = preSolution
		HideSolutionNode = FALSE
	EndGlobalSection
	GlobalSection(ExtensibilityGlobals) = postSolution
		SolutionGuid = {7EA8B1D2-261B-415B-A4E8-37A189C94C53}
	EndGlobalSection
EndGlobal
