
Microsoft Visual Studio Solution File, Format Version 12.00
# Visual Studio Version 16
VisualStudioVersion = 16.0.30011.22
MinimumVisualStudioVersion = 10.0.40219.1
Project("{FAE04EC0-301F-11D3-BF4B-00C04F79EFBC}") = "01. Count Same Values in Array", "01. Count Same Values in Array\01. Count Same Values in Array.csproj", "{BBD18DA1-C8CF-4BE9-9745-FFFB6B0BCD34}"
EndProject
Project("{FAE04EC0-301F-11D3-BF4B-00C04F79EFBC}") = "02. Average Student Grades", "02. Average Student Grades\02. Average Student Grades.csproj", "{9B002484-2F93-4A13-AAE9-CCBA87E1872D}"
EndProject
Project("{FAE04EC0-301F-11D3-BF4B-00C04F79EFBC}") = "03. Product Shop", "03. Product Shop\03. Product Shop.csproj", "{59798B3C-5D40-4410-A493-B9410C9A1053}"
EndProject
Project("{FAE04EC0-301F-11D3-BF4B-00C04F79EFBC}") = "04. Cities by Continent and Country", "04. Cities by Continent and Country\04. Cities by Continent and Country.csproj", "{9434119E-F5E9-46F3-872F-FB6A5E8FC192}"
EndProject
Project("{FAE04EC0-301F-11D3-BF4B-00C04F79EFBC}") = "05. Record Unique Names", "05. Record Unique Names\05. Record Unique Names.csproj", "{0ACA9982-2E8F-4E53-A9B1-C2147A993C58}"
EndProject
Project("{FAE04EC0-301F-11D3-BF4B-00C04F79EFBC}") = "06. Parking Lot", "06. Parking Lot\06. Parking Lot.csproj", "{3EBB757F-97B2-42A3-985D-7A3ED31EF54F}"
EndProject
Project("{FAE04EC0-301F-11D3-BF4B-00C04F79EFBC}") = "07. SoftUni Party", "07. SoftUni Party\07. SoftUni Party.csproj", "{FD7CA7A6-C9CC-4F57-AEC2-6C7B3505C6E1}"
EndProject
Global
	GlobalSection(SolutionConfigurationPlatforms) = preSolution
		Debug|Any CPU = Debug|Any CPU
		Release|Any CPU = Release|Any CPU
	EndGlobalSection
	GlobalSection(ProjectConfigurationPlatforms) = postSolution
		{BBD18DA1-C8CF-4BE9-9745-FFFB6B0BCD34}.Debug|Any CPU.ActiveCfg = Debug|Any CPU
		{BBD18DA1-C8CF-4BE9-9745-FFFB6B0BCD34}.Debug|Any CPU.Build.0 = Debug|Any CPU
		{BBD18DA1-C8CF-4BE9-9745-FFFB6B0BCD34}.Release|Any CPU.ActiveCfg = Release|Any CPU
		{BBD18DA1-C8CF-4BE9-9745-FFFB6B0BCD34}.Release|Any CPU.Build.0 = Release|Any CPU
		{9B002484-2F93-4A13-AAE9-CCBA87E1872D}.Debug|Any CPU.ActiveCfg = Debug|Any CPU
		{9B002484-2F93-4A13-AAE9-CCBA87E1872D}.Debug|Any CPU.Build.0 = Debug|Any CPU
		{9B002484-2F93-4A13-AAE9-CCBA87E1872D}.Release|Any CPU.ActiveCfg = Release|Any CPU
		{9B002484-2F93-4A13-AAE9-CCBA87E1872D}.Release|Any CPU.Build.0 = Release|Any CPU
		{59798B3C-5D40-4410-A493-B9410C9A1053}.Debug|Any CPU.ActiveCfg = Debug|Any CPU
		{59798B3C-5D40-4410-A493-B9410C9A1053}.Debug|Any CPU.Build.0 = Debug|Any CPU
		{59798B3C-5D40-4410-A493-B9410C9A1053}.Release|Any CPU.ActiveCfg = Release|Any CPU
		{59798B3C-5D40-4410-A493-B9410C9A1053}.Release|Any CPU.Build.0 = Release|Any CPU
		{9434119E-F5E9-46F3-872F-FB6A5E8FC192}.Debug|Any CPU.ActiveCfg = Debug|Any CPU
		{9434119E-F5E9-46F3-872F-FB6A5E8FC192}.Debug|Any CPU.Build.0 = Debug|Any CPU
		{9434119E-F5E9-46F3-872F-FB6A5E8FC192}.Release|Any CPU.ActiveCfg = Release|Any CPU
		{9434119E-F5E9-46F3-872F-FB6A5E8FC192}.Release|Any CPU.Build.0 = Release|Any CPU
		{0ACA9982-2E8F-4E53-A9B1-C2147A993C58}.Debug|Any CPU.ActiveCfg = Debug|Any CPU
		{0ACA9982-2E8F-4E53-A9B1-C2147A993C58}.Debug|Any CPU.Build.0 = Debug|Any CPU
		{0ACA9982-2E8F-4E53-A9B1-C2147A993C58}.Release|Any CPU.ActiveCfg = Release|Any CPU
		{0ACA9982-2E8F-4E53-A9B1-C2147A993C58}.Release|Any CPU.Build.0 = Release|Any CPU
		{3EBB757F-97B2-42A3-985D-7A3ED31EF54F}.Debug|Any CPU.ActiveCfg = Debug|Any CPU
		{3EBB757F-97B2-42A3-985D-7A3ED31EF54F}.Debug|Any CPU.Build.0 = Debug|Any CPU
		{3EBB757F-97B2-42A3-985D-7A3ED31EF54F}.Release|Any CPU.ActiveCfg = Release|Any CPU
		{3EBB757F-97B2-42A3-985D-7A3ED31EF54F}.Release|Any CPU.Build.0 = Release|Any CPU
		{FD7CA7A6-C9CC-4F57-AEC2-6C7B3505C6E1}.Debug|Any CPU.ActiveCfg = Debug|Any CPU
		{FD7CA7A6-C9CC-4F57-AEC2-6C7B3505C6E1}.Debug|Any CPU.Build.0 = Debug|Any CPU
		{FD7CA7A6-C9CC-4F57-AEC2-6C7B3505C6E1}.Release|Any CPU.ActiveCfg = Release|Any CPU
		{FD7CA7A6-C9CC-4F57-AEC2-6C7B3505C6E1}.Release|Any CPU.Build.0 = Release|Any CPU
	EndGlobalSection
	GlobalSection(SolutionProperties) = preSolution
		HideSolutionNode = FALSE
	EndGlobalSection
	GlobalSection(ExtensibilityGlobals) = postSolution
		SolutionGuid = {CAA15A0D-A7DE-4536-8F59-1BFF859AC5EC}
	EndGlobalSection
EndGlobal
